
Microsoft Visual Studio Solution File, Format Version 12.00
# Visual Studio Version 16
VisualStudioVersion = 16.0.29025.244
MinimumVisualStudioVersion = 10.0.40219.1
Project("{FAE04EC0-301F-11D3-BF4B-00C04F79EFBC}") = "XyrilleAnn.Midterm3", "XyrilleAnn.Midterm3.csproj", "{D58C9773-F53E-4DEE-98DA-7434D1ED45F0}"
EndProject
Global
	GlobalSection(SolutionConfigurationPlatforms) = preSolution
		Debug|Any CPU = Debug|Any CPU
		Release|Any CPU = Release|Any CPU
	EndGlobalSection
	GlobalSection(ProjectConfigurationPlatforms) = postSolution
		{D58C9773-F53E-4DEE-98DA-7434D1ED45F0}.Debug|Any CPU.ActiveCfg = Debug|Any CPU
		{D58C9773-F53E-4DEE-98DA-7434D1ED45F0}.Debug|Any CPU.Build.0 = Debug|Any CPU
		{D58C9773-F53E-4DEE-98DA-7434D1ED45F0}.Release|Any CPU.ActiveCfg = Release|Any CPU
		{D58C9773-F53E-4DEE-98DA-7434D1ED45F0}.Release|Any CPU.Build.0 = Release|Any CPU
	EndGlobalSection
	GlobalSection(SolutionProperties) = preSolution
		HideSolutionNode = FALSE
	EndGlobalSection
	GlobalSection(ExtensibilityGlobals) = postSolution
		SolutionGuid = {92509E79-C6E5-4C54-B09D-0B1C174E32C1}
	EndGlobalSection
EndGlobal
